
Microsoft Visual Studio Solution File, Format Version 12.00
# Visual Studio Version 17
VisualStudioVersion = 17.9.34728.123
MinimumVisualStudioVersion = 10.0.40219.1
Project("{8BC9CEB8-8B4A-11D0-8D11-00A0C91BC942}") = "test-7-23", "test-7-23\test-7-23.vcxproj", "{4013E8F1-9E7B-4B18-A423-F5470E4E1D3C}"
EndProject
Global
	GlobalSection(SolutionConfigurationPlatforms) = preSolution
		Debug|x64 = Debug|x64
		Debug|x86 = Debug|x86
		Release|x64 = Release|x64
		Release|x86 = Release|x86
	EndGlobalSection
	GlobalSection(ProjectConfigurationPlatforms) = postSolution
		{4013E8F1-9E7B-4B18-A423-F5470E4E1D3C}.Debug|x64.ActiveCfg = Debug|x64
		{4013E8F1-9E7B-4B18-A423-F5470E4E1D3C}.Debug|x64.Build.0 = Debug|x64
		{4013E8F1-9E7B-4B18-A423-F5470E4E1D3C}.Debug|x86.ActiveCfg = Debug|Win32
		{4013E8F1-9E7B-4B18-A423-F5470E4E1D3C}.Debug|x86.Build.0 = Debug|Win32
		{4013E8F1-9E7B-4B18-A423-F5470E4E1D3C}.Release|x64.ActiveCfg = Release|x64
		{4013E8F1-9E7B-4B18-A423-F5470E4E1D3C}.Release|x64.Build.0 = Release|x64
		{4013E8F1-9E7B-4B18-A423-F5470E4E1D3C}.Release|x86.ActiveCfg = Release|Win32
		{4013E8F1-9E7B-4B18-A423-F5470E4E1D3C}.Release|x86.Build.0 = Release|Win32
	EndGlobalSection
	GlobalSection(SolutionProperties) = preSolution
		HideSolutionNode = FALSE
	EndGlobalSection
	GlobalSection(ExtensibilityGlobals) = postSolution
		SolutionGuid = {7EEE83E9-B63C-4FBF-82F1-1A8D37C79876}
	EndGlobalSection
EndGlobal
